
Microsoft Visual Studio Solution File, Format Version 12.00
# Visual Studio 15
VisualStudioVersion = 15.0.28010.2036
MinimumVisualStudioVersion = 10.0.40219.1
Project("{FAE04EC0-301F-11D3-BF4B-00C04F79EFBC}") = "ReadArduinoRawSensorInput", "ReadArduinoRawSensorInput\ReadArduinoRawSensorInput.csproj", "{E93D047E-3D65-432C-B5FC-56F5AF5B7B7A}"
EndProject
Global
	GlobalSection(SolutionConfigurationPlatforms) = preSolution
		Debug|Any CPU = Debug|Any CPU
		Release|Any CPU = Release|Any CPU
	EndGlobalSection
	GlobalSection(ProjectConfigurationPlatforms) = postSolution
		{E93D047E-3D65-432C-B5FC-56F5AF5B7B7A}.Debug|Any CPU.ActiveCfg = Debug|Any CPU
		{E93D047E-3D65-432C-B5FC-56F5AF5B7B7A}.Debug|Any CPU.Build.0 = Debug|Any CPU
		{E93D047E-3D65-432C-B5FC-56F5AF5B7B7A}.Release|Any CPU.ActiveCfg = Release|Any CPU
		{E93D047E-3D65-432C-B5FC-56F5AF5B7B7A}.Release|Any CPU.Build.0 = Release|Any CPU
	EndGlobalSection
	GlobalSection(SolutionProperties) = preSolution
		HideSolutionNode = FALSE
	EndGlobalSection
	GlobalSection(ExtensibilityGlobals) = postSolution
		SolutionGuid = {1149E097-0F6D-409C-BAA7-919FB5084EF8}
	EndGlobalSection
EndGlobal
